
Microsoft Visual Studio Solution File, Format Version 12.00
# Visual Studio Version 17
VisualStudioVersion = 17.9.34622.214
MinimumVisualStudioVersion = 10.0.40219.1
Project("{9A19103F-16F7-4668-BE54-9A1E7A4F7556}") = "ASOIBridge.API", "src\ASOIBridge.API\ASOIBridge.API.csproj", "{BBA379F1-F2B7-4210-93FA-3CA4BD4A2880}"
EndProject
Global
	GlobalSection(SolutionConfigurationPlatforms) = preSolution
		Debug|Any CPU = Debug|Any CPU
		Release|Any CPU = Release|Any CPU
	EndGlobalSection
	GlobalSection(ProjectConfigurationPlatforms) = postSolution
		{BBA379F1-F2B7-4210-93FA-3CA4BD4A2880}.Debug|Any CPU.ActiveCfg = Debug|Any CPU
		{BBA379F1-F2B7-4210-93FA-3CA4BD4A2880}.Debug|Any CPU.Build.0 = Debug|Any CPU
		{BBA379F1-F2B7-4210-93FA-3CA4BD4A2880}.Release|Any CPU.ActiveCfg = Release|Any CPU
		{BBA379F1-F2B7-4210-93FA-3CA4BD4A2880}.Release|Any CPU.Build.0 = Release|Any CPU
	EndGlobalSection
	GlobalSection(SolutionProperties) = preSolution
		HideSolutionNode = FALSE
	EndGlobalSection
	GlobalSection(ExtensibilityGlobals) = postSolution
		SolutionGuid = {A801D9DA-A91F-4639-B55D-02D78FF733A2}
	EndGlobalSection
EndGlobal
